<?xml version="1.0" encoding="utf-8"?>
<Project ToolsVersion="4.0" xmlns="http://schemas.microsoft.com/developer/msbuild/2003">
  <ItemGroup>
    <Filter Include="source">
      <UniqueIdentifier>{a704d6a3-fbb0-4080-9438-7cda6f053990}</UniqueIdentifier>
    </Filter>
    <Filter Include="source\objects">
      <UniqueIdentifier>{f6508b16-fd86-4125-ba94-602b302f40fc}</UniqueIdentifier>
    </Filter>
    <Filter Include="source\graphics">
      <UniqueIdentifier>{e6a6e2d4-2f9e-4e0e-a6ad-153ea77281ab}</UniqueIdentifier>
    </Filter>
    <Filter Include="source\utilities">
      <UniqueIdentifier>{189916c0-3d11-4c1b-8d1b-b3c32fffe68f}</UniqueIdentifier>
    </Filter>
  </ItemGroup>
  <ItemGroup>
    <ClCompile Include="source\main.cpp">
      <Filter>source</Filter>
    </ClCompile>
    <ClCompile Include="source\objects\Dot.cpp">
      <Filter>source\objects</Filter>
    </ClCompile>
    <ClCompile Include="source\Application.cpp">
      <Filter>source</Filter>
    </ClCompile>
    <ClCompile Include="source\objects\Brain.cpp">
      <Filter>source\objects</Filter>
    </ClCompile>
    <ClCompile Include="source\utilities\RandomGenerator.cpp">
      <Filter>source\utilities</Filter>
    </ClCompile>
    <ClCompile Include="source\objects\Collider.cpp">
      <Filter>source\objects</Filter>
    </ClCompile>
    <ClCompile Include="source\objects\CircleCollider.cpp">
      <Filter>source\objects</Filter>
    </ClCompile>
    <ClCompile Include="source\objects\RectCollider.cpp">
      <Filter>source\objects</Filter>
    </ClCompile>
  </ItemGroup>
  <ItemGroup>
    <ClInclude Include="source\objects\Dot.h">
      <Filter>source\objects</Filter>
    </ClInclude>
    <ClInclude Include="source\Application.h">
      <Filter>source</Filter>
    </ClInclude>
    <ClInclude Include="source\objects\Brain.h">
      <Filter>source\objects</Filter>
    </ClInclude>
    <ClInclude Include="source\Utils.h">
      <Filter>source</Filter>
    </ClInclude>
    <ClInclude Include="source\utilities\RandomGenerator.h">
      <Filter>source\utilities</Filter>
    </ClInclude>
    <ClInclude Include="source\objects\Collider.h">
      <Filter>source\objects</Filter>
    </ClInclude>
    <ClInclude Include="source\objects\CircleCollider.h">
      <Filter>source\objects</Filter>
    </ClInclude>
    <ClInclude Include="source\objects\RectCollider.h">
      <Filter>source\objects</Filter>
    </ClInclude>
  </ItemGroup>
</Project>